
Microsoft Visual Studio Solution File, Format Version 12.00
# Visual Studio Version 16
VisualStudioVersion = 16.0.29409.12
MinimumVisualStudioVersion = 10.0.40219.1
Project("{9A19103F-16F7-4668-BE54-9A1E7A4F7556}") = "RocketNotifyBot", "RocketNotifyBot\RocketNotifyBot.csproj", "{0BB32976-9AF4-4DA2-990E-DAD7EDBAFBEF}"
EndProject
Project("{9A19103F-16F7-4668-BE54-9A1E7A4F7556}") = "RocketNotify.TelegramBot", "RocketNotify.TelegramBot\RocketNotify.TelegramBot.csproj", "{F57DC633-0473-441E-9474-15A217AF5146}"
EndProject
Project("{9A19103F-16F7-4668-BE54-9A1E7A4F7556}") = "RocketNotify.Subscription", "RocketNotify.Subscription\RocketNotify.Subscription.csproj", "{D5A03821-5D77-4E4A-8D36-A9A3D3645DC9}"
EndProject
Project("{9A19103F-16F7-4668-BE54-9A1E7A4F7556}") = "RocketNotify.ChatClient", "RocketNotify.ChatClient\RocketNotify.ChatClient.csproj", "{42470B57-405C-4053-A8E9-1D788827B05D}"
EndProject
Project("{2150E333-8FDC-42A3-9474-1A3956D46DE8}") = "Solution Items", "Solution Items", "{406D8365-F22F-43A0-9360-B32EE2B4EFB3}"
	ProjectSection(SolutionItems) = preProject
		.editorconfig = .editorconfig
		stylecop.json = stylecop.json
	EndProjectSection
EndProject
Project("{2150E333-8FDC-42A3-9474-1A3956D46DE8}") = "Tests", "Tests", "{9ABF34D0-587B-4D21-8A3D-77AF9DDD60D0}"
	ProjectSection(SolutionItems) = preProject
		Tests\.editorconfig = Tests\.editorconfig
	EndProjectSection
EndProject
Project("{9A19103F-16F7-4668-BE54-9A1E7A4F7556}") = "RocketNotify.ChatClient.Tests", "Tests\RocketNotify.ChatClient.Tests\RocketNotify.ChatClient.Tests.csproj", "{CE6E6F52-47B5-4ED7-B86E-5A5BBAF10CA4}"
EndProject
Project("{9A19103F-16F7-4668-BE54-9A1E7A4F7556}") = "RocketNotify.Subscription.Tests", "Tests\RocketNotify.Subscription.Tests\RocketNotify.Subscription.Tests.csproj", "{AF32A6A7-F1C1-46DE-8B49-5A461E22D21C}"
EndProject
Project("{9A19103F-16F7-4668-BE54-9A1E7A4F7556}") = "RocketNotify.TelegramBot.Tests", "Tests\RocketNotify.TelegramBot.Tests\RocketNotify.TelegramBot.Tests.csproj", "{A73C160D-387E-49D6-ADF5-CF3EAAED76FB}"
EndProject
Project("{FAE04EC0-301F-11D3-BF4B-00C04F79EFBC}") = "RocketNotify.BackgroundServices", "RocketNotify.BackgroundServices\RocketNotify.BackgroundServices.csproj", "{C7A1B8A4-E81A-44C2-8AD7-718729830CDE}"
EndProject
Global
	GlobalSection(SolutionConfigurationPlatforms) = preSolution
		Debug|Any CPU = Debug|Any CPU
		Release|Any CPU = Release|Any CPU
	EndGlobalSection
	GlobalSection(ProjectConfigurationPlatforms) = postSolution
		{0BB32976-9AF4-4DA2-990E-DAD7EDBAFBEF}.Debug|Any CPU.ActiveCfg = Debug|Any CPU
		{0BB32976-9AF4-4DA2-990E-DAD7EDBAFBEF}.Debug|Any CPU.Build.0 = Debug|Any CPU
		{0BB32976-9AF4-4DA2-990E-DAD7EDBAFBEF}.Release|Any CPU.ActiveCfg = Release|Any CPU
		{0BB32976-9AF4-4DA2-990E-DAD7EDBAFBEF}.Release|Any CPU.Build.0 = Release|Any CPU
		{F57DC633-0473-441E-9474-15A217AF5146}.Debug|Any CPU.ActiveCfg = Debug|Any CPU
		{F57DC633-0473-441E-9474-15A217AF5146}.Debug|Any CPU.Build.0 = Debug|Any CPU
		{F57DC633-0473-441E-9474-15A217AF5146}.Release|Any CPU.ActiveCfg = Release|Any CPU
		{F57DC633-0473-441E-9474-15A217AF5146}.Release|Any CPU.Build.0 = Release|Any CPU
		{D5A03821-5D77-4E4A-8D36-A9A3D3645DC9}.Debug|Any CPU.ActiveCfg = Debug|Any CPU
		{D5A03821-5D77-4E4A-8D36-A9A3D3645DC9}.Debug|Any CPU.Build.0 = Debug|Any CPU
		{D5A03821-5D77-4E4A-8D36-A9A3D3645DC9}.Release|Any CPU.ActiveCfg = Release|Any CPU
		{D5A03821-5D77-4E4A-8D36-A9A3D3645DC9}.Release|Any CPU.Build.0 = Release|Any CPU
		{42470B57-405C-4053-A8E9-1D788827B05D}.Debug|Any CPU.ActiveCfg = Debug|Any CPU
		{42470B57-405C-4053-A8E9-1D788827B05D}.Debug|Any CPU.Build.0 = Debug|Any CPU
		{42470B57-405C-4053-A8E9-1D788827B05D}.Release|Any CPU.ActiveCfg = Release|Any CPU
		{42470B57-405C-4053-A8E9-1D788827B05D}.Release|Any CPU.Build.0 = Release|Any CPU
		{CE6E6F52-47B5-4ED7-B86E-5A5BBAF10CA4}.Debug|Any CPU.ActiveCfg = Debug|Any CPU
		{CE6E6F52-47B5-4ED7-B86E-5A5BBAF10CA4}.Debug|Any CPU.Build.0 = Debug|Any CPU
		{CE6E6F52-47B5-4ED7-B86E-5A5BBAF10CA4}.Release|Any CPU.ActiveCfg = Release|Any CPU
		{CE6E6F52-47B5-4ED7-B86E-5A5BBAF10CA4}.Release|Any CPU.Build.0 = Release|Any CPU
		{AF32A6A7-F1C1-46DE-8B49-5A461E22D21C}.Debug|Any CPU.ActiveCfg = Debug|Any CPU
		{AF32A6A7-F1C1-46DE-8B49-5A461E22D21C}.Debug|Any CPU.Build.0 = Debug|Any CPU
		{AF32A6A7-F1C1-46DE-8B49-5A461E22D21C}.Release|Any CPU.ActiveCfg = Release|Any CPU
		{AF32A6A7-F1C1-46DE-8B49-5A461E22D21C}.Release|Any CPU.Build.0 = Release|Any CPU
		{A73C160D-387E-49D6-ADF5-CF3EAAED76FB}.Debug|Any CPU.ActiveCfg = Debug|Any CPU
		{A73C160D-387E-49D6-ADF5-CF3EAAED76FB}.Debug|Any CPU.Build.0 = Debug|Any CPU
		{A73C160D-387E-49D6-ADF5-CF3EAAED76FB}.Release|Any CPU.ActiveCfg = Release|Any CPU
		{A73C160D-387E-49D6-ADF5-CF3EAAED76FB}.Release|Any CPU.Build.0 = Release|Any CPU
		{C7A1B8A4-E81A-44C2-8AD7-718729830CDE}.Debug|Any CPU.ActiveCfg = Debug|Any CPU
		{C7A1B8A4-E81A-44C2-8AD7-718729830CDE}.Debug|Any CPU.Build.0 = Debug|Any CPU
		{C7A1B8A4-E81A-44C2-8AD7-718729830CDE}.Release|Any CPU.ActiveCfg = Release|Any CPU
		{C7A1B8A4-E81A-44C2-8AD7-718729830CDE}.Release|Any CPU.Build.0 = Release|Any CPU
	EndGlobalSection
	GlobalSection(SolutionProperties) = preSolution
		HideSolutionNode = FALSE
	EndGlobalSection
	GlobalSection(NestedProjects) = preSolution
		{CE6E6F52-47B5-4ED7-B86E-5A5BBAF10CA4} = {9ABF34D0-587B-4D21-8A3D-77AF9DDD60D0}
		{AF32A6A7-F1C1-46DE-8B49-5A461E22D21C} = {9ABF34D0-587B-4D21-8A3D-77AF9DDD60D0}
		{A73C160D-387E-49D6-ADF5-CF3EAAED76FB} = {9ABF34D0-587B-4D21-8A3D-77AF9DDD60D0}
	EndGlobalSection
	GlobalSection(ExtensibilityGlobals) = postSolution
		SolutionGuid = {B5F15EBA-DC84-4519-A68C-8CA6519B3E28}
	EndGlobalSection
EndGlobal
